// !$*UTF8*$!
{
	archiveVersion = 1;
	classes = {
	};
	objectVersion = 50;
	objects = {

/* Begin PBXBuildFile section */
		D507FBFE22C86570008E2223 /* HobbyDetail.swift in Sources */ = {isa = PBXBuildFile; fileRef = D507FBFD22C86570008E2223 /* HobbyDetail.swift */; };
		D507FC0022C8678E008E2223 /* HobbiesStore.swift in Sources */ = {isa = PBXBuildFile; fileRef = D507FBFF22C8678E008E2223 /* HobbiesStore.swift */; };
		D58E152322C8495500692981 /* AppDelegate.swift in Sources */ = {isa = PBXBuildFile; fileRef = D58E152222C8495500692981 /* AppDelegate.swift */; };
		D58E152522C8495500692981 /* SceneDelegate.swift in Sources */ = {isa = PBXBuildFile; fileRef = D58E152422C8495500692981 /* SceneDelegate.swift */; };
		D58E152722C8495500692981 /* ContentView.swift in Sources */ = {isa = PBXBuildFile; fileRef = D58E152622C8495500692981 /* ContentView.swift */; };
		D58E152922C8495900692981 /* Assets.xcassets in Resources */ = {isa = PBXBuildFile; fileRef = D58E152822C8495900692981 /* Assets.xcassets */; };
		D58E152C22C8495900692981 /* Preview Assets.xcassets in Resources */ = {isa = PBXBuildFile; fileRef = D58E152B22C8495900692981 /* Preview Assets.xcassets */; };
		D58E152F22C8495900692981 /* LaunchScreen.storyboard in Resources */ = {isa = PBXBuildFile; fileRef = D58E152D22C8495900692981 /* LaunchScreen.storyboard */; };
		D58E153722C84FB000692981 /* Hobby.swift in Sources */ = {isa = PBXBuildFile; fileRef = D58E153622C84FB000692981 /* Hobby.swift */; };
/* End PBXBuildFile section */

/* Begin PBXFileReference section */
		D507FBFD22C86570008E2223 /* HobbyDetail.swift */ = {isa = PBXFileReference; lastKnownFileType = sourcecode.swift; path = HobbyDetail.swift; sourceTree = "<group>"; };
		D507FBFF22C8678E008E2223 /* HobbiesStore.swift */ = {isa = PBXFileReference; lastKnownFileType = sourcecode.swift; path = HobbiesStore.swift; sourceTree = "<group>"; };
		D58E151F22C8495500692981 /* Hobbies.app */ = {isa = PBXFileReference; explicitFileType = wrapper.application; includeInIndex = 0; path = Hobbies.app; sourceTree = BUILT_PRODUCTS_DIR; };
		D58E152222C8495500692981 /* AppDelegate.swift */ = {isa = PBXFileReference; lastKnownFileType = sourcecode.swift; path = AppDelegate.swift; sourceTree = "<group>"; };
		D58E152422C8495500692981 /* SceneDelegate.swift */ = {isa = PBXFileReference; lastKnownFileType = sourcecode.swift; path = SceneDelegate.swift; sourceTree = "<group>"; };
		D58E152622C8495500692981 /* ContentView.swift */ = {isa = PBXFileReference; lastKnownFileType = sourcecode.swift; path = ContentView.swift; sourceTree = "<group>"; };
		D58E152822C8495900692981 /* Assets.xcassets */ = {isa = PBXFileReference; lastKnownFileType = folder.assetcatalog; path = Assets.xcassets; sourceTree = "<group>"; };
		D58E152B22C8495900692981 /* Preview Assets.xcassets */ = {isa = PBXFileReference; lastKnownFileType = folder.assetcatalog; path = "Preview Assets.xcassets"; sourceTree = "<group>"; };
		D58E152E22C8495900692981 /* Base */ = {isa = PBXFileReference; lastKnownFileType = file.storyboard; name = Base; path = Base.lproj/LaunchScreen.storyboard; sourceTree = "<group>"; };
		D58E153022C8495900692981 /* Info.plist */ = {isa = PBXFileReference; lastKnownFileType = text.plist.xml; path = Info.plist; sourceTree = "<group>"; };
		D58E153622C84FB000692981 /* Hobby.swift */ = {isa = PBXFileReference; lastKnownFileType = sourcecode.swift; path = Hobby.swift; sourceTree = "<group>"; };
/* End PBXFileReference section */

/* Begin PBXFrameworksBuildPhase section */
		D58E151C22C8495500692981 /* Frameworks */ = {
			isa = PBXFrameworksBuildPhase;
			buildActionMask = 2147483647;
			files = (
			);
			runOnlyForDeploymentPostprocessing = 0;
		};
/* End PBXFrameworksBuildPhase section */

/* Begin PBXGroup section */
		D58E151622C8495500692981 = {
			isa = PBXGroup;
			children = (
				D58E152122C8495500692981 /* Hobbies */,
				D58E152022C8495500692981 /* Products */,
			);
			sourceTree = "<group>";
		};
		D58E152022C8495500692981 /* Products */ = {
			isa = PBXGroup;
			children = (
				D58E151F22C8495500692981 /* Hobbies.app */,
			);
			name = Products;
			sourceTree = "<group>";
		};
		D58E152122C8495500692981 /* Hobbies */ = {
			isa = PBXGroup;
			children = (
				D58E153022C8495900692981 /* Info.plist */,
				D58E152D22C8495900692981 /* LaunchScreen.storyboard */,
				D58E152222C8495500692981 /* AppDelegate.swift */,
				D58E152422C8495500692981 /* SceneDelegate.swift */,
				D58E152822C8495900692981 /* Assets.xcassets */,
				D58E152622C8495500692981 /* ContentView.swift */,
				D507FBFD22C86570008E2223 /* HobbyDetail.swift */,
				D58E152A22C8495900692981 /* Preview Content */,
				D58E153622C84FB000692981 /* Hobby.swift */,
				D507FBFF22C8678E008E2223 /* HobbiesStore.swift */,
			);
			path = Hobbies;
			sourceTree = "<group>";
		};
		D58E152A22C8495900692981 /* Preview Content */ = {
			isa = PBXGroup;
			children = (
				D58E152B22C8495900692981 /* Preview Assets.xcassets */,
			);
			path = "Preview Content";
			sourceTree = "<group>";
		};
/* End PBXGroup section */

/* Begin PBXNativeTarget section */
		D58E151E22C8495500692981 /* Hobbies */ = {
			isa = PBXNativeTarget;
			buildConfigurationList = D58E153322C8495900692981 /* Build configuration list for PBXNativeTarget "Hobbies" */;
			buildPhases = (
				D58E151B22C8495500692981 /* Sources */,
				D58E151C22C8495500692981 /* Frameworks */,
				D58E151D22C8495500692981 /* Resources */,
			);
			buildRules = (
			);
			dependencies = (
			);
			name = Hobbies;
			productName = Hobbies;
			productReference = D58E151F22C8495500692981 /* Hobbies.app */;
			productType = "com.apple.product-type.application";
		};
/* End PBXNativeTarget section */

/* Begin PBXProject section */
		D58E151722C8495500692981 /* Project object */ = {
			isa = PBXProject;
			attributes = {
				LastSwiftUpdateCheck = 1100;
				LastUpgradeCheck = 1100;
				ORGANIZATIONNAME = "David Idol";
				TargetAttributes = {
					D58E151E22C8495500692981 = {
						CreatedOnToolsVersion = 11.0;
					};
				};
			};
			buildConfigurationList = D58E151A22C8495500692981 /* Build configuration list for PBXProject "Hobbies" */;
			compatibilityVersion = "Xcode 9.3";
			developmentRegion = en;
			hasScannedForEncodings = 0;
			knownRegions = (
				en,
				Base,
			);
			mainGroup = D58E151622C8495500692981;
			productRefGroup = D58E152022C8495500692981 /* Products */;
			projectDirPath = "";
			projectRoot = "";
			targets = (
				D58E151E22C8495500692981 /* Hobbies */,
			);
		};
/* End PBXProject section */

/* Begin PBXResourcesBuildPhase section */
		D58E151D22C8495500692981 /* Resources */ = {
			isa = PBXResourcesBuildPhase;
			buildActionMask = 2147483647;
			files = (
				D58E152F22C8495900692981 /* LaunchScreen.storyboard in Resources */,
				D58E152C22C8495900692981 /* Preview Assets.xcassets in Resources */,
				D58E152922C8495900692981 /* Assets.xcassets in Resources */,
			);
			runOnlyForDeploymentPostprocessing = 0;
		};
/* End PBXResourcesBuildPhase section */

/* Begin PBXSourcesBuildPhase section */
		D58E151B22C8495500692981 /* Sources */ = {
			isa = PBXSourcesBuildPhase;
			buildActionMask = 2147483647;
			files = (
				D58E152322C8495500692981 /* AppDelegate.swift in Sources */,
				D58E152522C8495500692981 /* SceneDelegate.swift in Sources */,
				D58E153722C84FB000692981 /* Hobby.swift in Sources */,
				D507FBFE22C86570008E2223 /* HobbyDetail.swift in Sources */,
				D507FC0022C8678E008E2223 /* HobbiesStore.swift in Sources */,
				D58E152722C8495500692981 /* ContentView.swift in Sources */,
			);
			runOnlyForDeploymentPostprocessing = 0;
		};
/* End PBXSourcesBuildPhase section */

/* Begin PBXVariantGroup section */
		D58E152D22C8495900692981 /* LaunchScreen.storyboard */ = {
			isa = PBXVariantGroup;
			children = (
				D58E152E22C8495900692981 /* Base */,
			);
			name = LaunchScreen.storyboard;
			sourceTree = "<group>";
		};
/* End PBXVariantGroup section */

/* Begin XCBuildConfiguration section */
		D58E153122C8495900692981 /* Debug */ = {
			isa = XCBuildConfiguration;
			buildSettings = {
				ALWAYS_SEARCH_USER_PATHS = NO;
				CLANG_ANALYZER_NONNULL = YES;
				CLANG_ANALYZER_NUMBER_OBJECT_CONVERSION = YES_AGGRESSIVE;
				CLANG_CXX_LANGUAGE_STANDARD = "gnu++14";
				CLANG_CXX_LIBRARY = "libc++";
				CLANG_ENABLE_MODULES = YES;
				CLANG_ENABLE_OBJC_ARC = YES;
				CLANG_ENABLE_OBJC_WEAK = YES;
				CLANG_WARN_BLOCK_CAPTURE_AUTORELEASING = YES;
				CLANG_WARN_BOOL_CONVERSION = YES;
				CLANG_WARN_COMMA = YES;
				CLANG_WARN_CONSTANT_CONVERSION = YES;
				CLANG_WARN_DEPRECATED_OBJC_IMPLEMENTATIONS = YES;
				CLANG_WARN_DIRECT_OBJC_ISA_USAGE = YES_ERROR;
				CLANG_WARN_DOCUMENTATION_COMMENTS = YES;
				CLANG_WARN_EMPTY_BODY = YES;
				CLANG_WARN_ENUM_CONVERSION = YES;
				CLANG_WARN_INFINITE_RECURSION = YES;
				CLANG_WARN_INT_CONVERSION = YES;
				CLANG_WARN_NON_LITERAL_NULL_CONVERSION = YES;
				CLANG_WARN_OBJC_IMPLICIT_RETAIN_SELF = YES;
				CLANG_WARN_OBJC_LITERAL_CONVERSION = YES;
				CLANG_WARN_OBJC_ROOT_CLASS = YES_ERROR;
				CLANG_WARN_RANGE_LOOP_ANALYSIS = YES;
				CLANG_WARN_STRICT_PROTOTYPES = YES;
				CLANG_WARN_SUSPICIOUS_MOVE = YES;
				CLANG_WARN_UNGUARDED_AVAILABILITY = YES_AGGRESSIVE;
				CLANG_WARN_UNREACHABLE_CODE = YES;
				CLANG_WARN__DUPLICATE_METHOD_MATCH = YES;
				COPY_PHASE_STRIP = NO;
				DEBUG_INFORMATION_FORMAT = dwarf;
				ENABLE_STRICT_OBJC_MSGSEND = YES;
				ENABLE_TESTABILITY = YES;
				GCC_C_LANGUAGE_STANDARD = gnu11;
				GCC_DYNAMIC_NO_PIC = NO;
				GCC_NO_COMMON_BLOCKS = YES;
				GCC_OPTIMIZATION_LEVEL = 0;
				GCC_PREPROCESSOR_DEFINITIONS = (
					"DEBUG=1",
					"$(inherited)",
				);
				GCC_WARN_64_TO_32_BIT_CONVERSION = YES;
				GCC_WARN_ABOUT_RETURN_TYPE = YES_ERROR;
				GCC_WARN_UNDECLARED_SELECTOR = YES;
				GCC_WARN_UNINITIALIZED_AUTOS = YES_AGGRESSIVE;
				GCC_WARN_UNUSED_FUNCTION = YES;
				GCC_WARN_UNUSED_VARIABLE = YES;
				IPHONEOS_DEPLOYMENT_TARGET = 13.0;
				MTL_ENABLE_DEBUG_INFO = INCLUDE_SOURCE;
				MTL_FAST_MATH = YES;
				ONLY_ACTIVE_ARCH = YES;
				SDKROOT = iphoneos;
				SWIFT_ACTIVE_COMPILATION_CONDITIONS = DEBUG;
				SWIFT_OPTIMIZATION_LEVEL = "-Onone";
			};
			name = Debug;
		};
		D58E153222C8495900692981 /* Release */ = {
			isa = XCBuildConfiguration;
			buildSettings = {
				ALWAYS_SEARCH_USER_PATHS = NO;
				CLANG_ANALYZER_NONNULL = YES;
				CLANG_ANALYZER_NUMBER_OBJECT_CONVERSION = YES_AGGRESSIVE;
				CLANG_CXX_LANGUAGE_STANDARD = "gnu++14";
				CLANG_CXX_LIBRARY = "libc++";
				CLANG_ENABLE_MODULES = YES;
				CLANG_ENABLE_OBJC_ARC = YES;
				CLANG_ENABLE_OBJC_WEAK = YES;
				CLANG_WARN_BLOCK_CAPTURE_AUTORELEASING = YES;
				CLANG_WARN_BOOL_CONVERSION = YES;
				CLANG_WARN_COMMA = YES;
				CLANG_WARN_CONSTANT_CONVERSION = YES;
				CLANG_WARN_DEPRECATED_OBJC_IMPLEMENTATIONS = YES;
				CLANG_WARN_DIRECT_OBJC_ISA_USAGE = YES_ERROR;
				CLANG_WARN_DOCUMENTATION_COMMENTS = YES;
				CLANG_WARN_EMPTY_BODY = YES;
				CLANG_WARN_ENUM_CONVERSION = YES;
				CLANG_WARN_INFINITE_RECURSION = YES;
				CLANG_WARN_INT_CONVERSION = YES;
				CLANG_WARN_NON_LITERAL_NULL_CONVERSION = YES;
				CLANG_WARN_OBJC_IMPLICIT_RETAIN_SELF = YES;
				CLANG_WARN_OBJC_LITERAL_CONVERSION = YES;
				CLANG_WARN_OBJC_ROOT_CLASS = YES_ERROR;
				CLANG_WARN_RANGE_LOOP_ANALYSIS = YES;
				CLANG_WARN_STRICT_PROTOTYPES = YES;
				CLANG_WARN_SUSPICIOUS_MOVE = YES;
				CLANG_WARN_UNGUARDED_AVAILABILITY = YES_AGGRESSIVE;
				CLANG_WARN_UNREACHABLE_CODE = YES;
				CLANG_WARN__DUPLICATE_METHOD_MATCH = YES;
				COPY_PHASE_STRIP = NO;
				DEBUG_INFORMATION_FORMAT = "dwarf-with-dsym";
				ENABLE_NS_ASSERTIONS = NO;
				ENABLE_STRICT_OBJC_MSGSEND = YES;
				GCC_C_LANGUAGE_STANDARD = gnu11;
				GCC_NO_COMMON_BLOCKS = YES;
				GCC_WARN_64_TO_32_BIT_CONVERSION = YES;
				GCC_WARN_ABOUT_RETURN_TYPE = YES_ERROR;
				GCC_WARN_UNDECLARED_SELECTOR = YES;
				GCC_WARN_UNINITIALIZED_AUTOS = YES_AGGRESSIVE;
				GCC_WARN_UNUSED_FUNCTION = YES;
				GCC_WARN_UNUSED_VARIABLE = YES;
				IPHONEOS_DEPLOYMENT_TARGET = 13.0;
				MTL_ENABLE_DEBUG_INFO = NO;
				MTL_FAST_MATH = YES;
				SDKROOT = iphoneos;
				SWIFT_COMPILATION_MODE = wholemodule;
				SWIFT_OPTIMIZATION_LEVEL = "-O";
				VALIDATE_PRODUCT = YES;
			};
			name = Release;
		};
		D58E153422C8495900692981 /* Debug */ = {
			isa = XCBuildConfiguration;
			buildSettings = {
				ASSETCATALOG_COMPILER_APPICON_NAME = AppIcon;
				CODE_SIGN_STYLE = Automatic;
				DEVELOPMENT_ASSET_PATHS = "Hobbies/Preview\\ Content";
				DEVELOPMENT_TEAM = 599G9R4TT4;
				ENABLE_PREVIEWS = YES;
				INFOPLIST_FILE = Hobbies/Info.plist;
				LD_RUNPATH_SEARCH_PATHS = (
					"$(inherited)",
					"@executable_path/Frameworks",
				);
				PRODUCT_BUNDLE_IDENTIFIER = com.daveidol.Hobbies;
				PRODUCT_NAME = "$(TARGET_NAME)";
				SWIFT_VERSION = 5.0;
				TARGETED_DEVICE_FAMILY = "1,2";
			};
			name = Debug;
		};
		D58E153522C8495900692981 /* Release */ = {
			isa = XCBuildConfiguration;
			buildSettings = {
				ASSETCATALOG_COMPILER_APPICON_NAME = AppIcon;
				CODE_SIGN_STYLE = Automatic;
				DEVELOPMENT_ASSET_PATHS = "Hobbies/Preview\\ Content";
				DEVELOPMENT_TEAM = 599G9R4TT4;
				ENABLE_PREVIEWS = YES;
				INFOPLIST_FILE = Hobbies/Info.plist;
				LD_RUNPATH_SEARCH_PATHS = (
					"$(inherited)",
					"@executable_path/Frameworks",
				);
				PRODUCT_BUNDLE_IDENTIFIER = com.daveidol.Hobbies;
				PRODUCT_NAME = "$(TARGET_NAME)";
				SWIFT_VERSION = 5.0;
				TARGETED_DEVICE_FAMILY = "1,2";
			};
			name = Release;
		};
/* End XCBuildConfiguration section */

/* Begin XCConfigurationList section */
		D58E151A22C8495500692981 /* Build configuration list for PBXProject "Hobbies" */ = {
			isa = XCConfigurationList;
			buildConfigurations = (
				D58E153122C8495900692981 /* Debug */,
				D58E153222C8495900692981 /* Release */,
			);
			defaultConfigurationIsVisible = 0;
			defaultConfigurationName = Release;
		};
		D58E153322C8495900692981 /* Build configuration list for PBXNativeTarget "Hobbies" */ = {
			isa = XCConfigurationList;
			buildConfigurations = (
				D58E153422C8495900692981 /* Debug */,
				D58E153522C8495900692981 /* Release */,
			);
			defaultConfigurationIsVisible = 0;
			defaultConfigurationName = Release;
		};
/* End XCConfigurationList section */
	};
	rootObject = D58E151722C8495500692981 /* Project object */;
}
